// !$*UTF8*$!
{
	archiveVersion = 1;
	classes = {
	};
	objectVersion = 50;
	objects = {

/* Begin PBXBuildFile section */
		293EB8D3275769F7006A9815 /* main.cpp in Sources */ = {isa = PBXBuildFile; fileRef = 293EB8D2275769F7006A9815 /* main.cpp */; };
		29541E67275788B50030BEF1 /* Day1.cpp in Sources */ = {isa = PBXBuildFile; fileRef = 29541E66275788B40030BEF1 /* Day1.cpp */; };
/* End PBXBuildFile section */

/* Begin PBXCopyFilesBuildPhase section */
		293EB8CD275769F7006A9815 /* CopyFiles */ = {
			isa = PBXCopyFilesBuildPhase;
			buildActionMask = 2147483647;
			dstPath = /usr/share/man/man1/;
			dstSubfolderSpec = 0;
			files = (
			);
			runOnlyForDeploymentPostprocessing = 1;
		};
/* End PBXCopyFilesBuildPhase section */

/* Begin PBXFileReference section */
		293EB8CF275769F7006A9815 /* Advent of code 2021 */ = {isa = PBXFileReference; explicitFileType = "compiled.mach-o.executable"; includeInIndex = 0; path = "Advent of code 2021"; sourceTree = BUILT_PRODUCTS_DIR; };
		293EB8D2275769F7006A9815 /* main.cpp */ = {isa = PBXFileReference; lastKnownFileType = sourcecode.cpp.cpp; path = main.cpp; sourceTree = "<group>"; };
		29541E66275788B40030BEF1 /* Day1.cpp */ = {isa = PBXFileReference; lastKnownFileType = sourcecode.cpp.cpp; path = Day1.cpp; sourceTree = "<group>"; };
		29541E6927578AA40030BEF1 /* first.txt */ = {isa = PBXFileReference; lastKnownFileType = text; path = first.txt; sourceTree = "<group>"; };
		29541E6A27578AAE0030BEF1 /* second.txt */ = {isa = PBXFileReference; lastKnownFileType = text; path = second.txt; sourceTree = "<group>"; };
/* End PBXFileReference section */

/* Begin PBXFrameworksBuildPhase section */
		293EB8CC275769F7006A9815 /* Frameworks */ = {
			isa = PBXFrameworksBuildPhase;
			buildActionMask = 2147483647;
			files = (
			);
			runOnlyForDeploymentPostprocessing = 0;
		};
/* End PBXFrameworksBuildPhase section */

/* Begin PBXGroup section */
		293EB8C6275769F7006A9815 = {
			isa = PBXGroup;
			children = (
				293EB8D1275769F7006A9815 /* advent-of-code */,
				293EB8D0275769F7006A9815 /* Products */,
			);
			sourceTree = "<group>";
		};
		293EB8D0275769F7006A9815 /* Products */ = {
			isa = PBXGroup;
			children = (
				293EB8CF275769F7006A9815 /* Advent of code 2021 */,
			);
			name = Products;
			sourceTree = "<group>";
		};
		293EB8D1275769F7006A9815 /* advent-of-code */ = {
			isa = PBXGroup;
			children = (
				29541E6C2757911F0030BEF1 /* Day2 */,
				29541E6527576DB50030BEF1 /* Day1 */,
				293EB8D2275769F7006A9815 /* main.cpp */,
			);
			path = "advent-of-code";
			sourceTree = "<group>";
		};
		29541E6527576DB50030BEF1 /* Day1 */ = {
			isa = PBXGroup;
			children = (
				29541E6A27578AAE0030BEF1 /* second.txt */,
				29541E6927578AA40030BEF1 /* first.txt */,
				29541E66275788B40030BEF1 /* Day1.cpp */,
			);
			path = Day1;
			sourceTree = "<group>";
		};
		29541E6C2757911F0030BEF1 /* Day2 */ = {
			isa = PBXGroup;
			children = (
			);
			path = Day2;
			sourceTree = "<group>";
		};
/* End PBXGroup section */

/* Begin PBXNativeTarget section */
		293EB8CE275769F7006A9815 /* Advent of code 2021 */ = {
			isa = PBXNativeTarget;
			buildConfigurationList = 293EB8D6275769F7006A9815 /* Build configuration list for PBXNativeTarget "Advent of code 2021" */;
			buildPhases = (
				293EB8CB275769F7006A9815 /* Sources */,
				293EB8CC275769F7006A9815 /* Frameworks */,
				293EB8CD275769F7006A9815 /* CopyFiles */,
			);
			buildRules = (
			);
			dependencies = (
			);
			name = "Advent of code 2021";
			productName = "Advent of code 2021";
			productReference = 293EB8CF275769F7006A9815 /* Advent of code 2021 */;
			productType = "com.apple.product-type.tool";
		};
/* End PBXNativeTarget section */

/* Begin PBXProject section */
		293EB8C7275769F7006A9815 /* Project object */ = {
			isa = PBXProject;
			attributes = {
				LastUpgradeCheck = 1240;
				TargetAttributes = {
					293EB8CE275769F7006A9815 = {
						CreatedOnToolsVersion = 12.4;
					};
				};
			};
			buildConfigurationList = 293EB8CA275769F7006A9815 /* Build configuration list for PBXProject "advent-of-code-2021" */;
			compatibilityVersion = "Xcode 9.3";
			developmentRegion = en;
			hasScannedForEncodings = 0;
			knownRegions = (
				en,
				Base,
			);
			mainGroup = 293EB8C6275769F7006A9815;
			productRefGroup = 293EB8D0275769F7006A9815 /* Products */;
			projectDirPath = "";
			projectRoot = "";
			targets = (
				293EB8CE275769F7006A9815 /* Advent of code 2021 */,
			);
		};
/* End PBXProject section */

/* Begin PBXSourcesBuildPhase section */
		293EB8CB275769F7006A9815 /* Sources */ = {
			isa = PBXSourcesBuildPhase;
			buildActionMask = 2147483647;
			files = (
				29541E67275788B50030BEF1 /* Day1.cpp in Sources */,
				293EB8D3275769F7006A9815 /* main.cpp in Sources */,
			);
			runOnlyForDeploymentPostprocessing = 0;
		};
/* End PBXSourcesBuildPhase section */

/* Begin XCBuildConfiguration section */
		293EB8D4275769F7006A9815 /* Debug */ = {
			isa = XCBuildConfiguration;
			buildSettings = {
				ALWAYS_SEARCH_USER_PATHS = NO;
				CLANG_ANALYZER_NONNULL = YES;
				CLANG_ANALYZER_NUMBER_OBJECT_CONVERSION = YES_AGGRESSIVE;
				CLANG_CXX_LANGUAGE_STANDARD = "gnu++14";
				CLANG_CXX_LIBRARY = "libc++";
				CLANG_ENABLE_MODULES = YES;
				CLANG_ENABLE_OBJC_ARC = YES;
				CLANG_ENABLE_OBJC_WEAK = YES;
				CLANG_WARN_BLOCK_CAPTURE_AUTORELEASING = YES;
				CLANG_WARN_BOOL_CONVERSION = YES;
				CLANG_WARN_COMMA = YES;
				CLANG_WARN_CONSTANT_CONVERSION = YES;
				CLANG_WARN_DEPRECATED_OBJC_IMPLEMENTATIONS = YES;
				CLANG_WARN_DIRECT_OBJC_ISA_USAGE = YES_ERROR;
				CLANG_WARN_DOCUMENTATION_COMMENTS = YES;
				CLANG_WARN_EMPTY_BODY = YES;
				CLANG_WARN_ENUM_CONVERSION = YES;
				CLANG_WARN_INFINITE_RECURSION = YES;
				CLANG_WARN_INT_CONVERSION = YES;
				CLANG_WARN_NON_LITERAL_NULL_CONVERSION = YES;
				CLANG_WARN_OBJC_IMPLICIT_RETAIN_SELF = YES;
				CLANG_WARN_OBJC_LITERAL_CONVERSION = YES;
				CLANG_WARN_OBJC_ROOT_CLASS = YES_ERROR;
				CLANG_WARN_QUOTED_INCLUDE_IN_FRAMEWORK_HEADER = YES;
				CLANG_WARN_RANGE_LOOP_ANALYSIS = YES;
				CLANG_WARN_STRICT_PROTOTYPES = YES;
				CLANG_WARN_SUSPICIOUS_MOVE = YES;
				CLANG_WARN_UNGUARDED_AVAILABILITY = YES_AGGRESSIVE;
				CLANG_WARN_UNREACHABLE_CODE = YES;
				CLANG_WARN__DUPLICATE_METHOD_MATCH = YES;
				COPY_PHASE_STRIP = NO;
				DEBUG_INFORMATION_FORMAT = dwarf;
				ENABLE_STRICT_OBJC_MSGSEND = YES;
				ENABLE_TESTABILITY = YES;
				GCC_C_LANGUAGE_STANDARD = gnu11;
				GCC_DYNAMIC_NO_PIC = NO;
				GCC_NO_COMMON_BLOCKS = YES;
				GCC_OPTIMIZATION_LEVEL = 0;
				GCC_PREPROCESSOR_DEFINITIONS = (
					"DEBUG=1",
					"$(inherited)",
				);
				GCC_WARN_64_TO_32_BIT_CONVERSION = YES;
				GCC_WARN_ABOUT_RETURN_TYPE = YES_ERROR;
				GCC_WARN_UNDECLARED_SELECTOR = YES;
				GCC_WARN_UNINITIALIZED_AUTOS = YES_AGGRESSIVE;
				GCC_WARN_UNUSED_FUNCTION = YES;
				GCC_WARN_UNUSED_VARIABLE = YES;
				MACOSX_DEPLOYMENT_TARGET = 11.1;
				MTL_ENABLE_DEBUG_INFO = INCLUDE_SOURCE;
				MTL_FAST_MATH = YES;
				ONLY_ACTIVE_ARCH = YES;
				SDKROOT = macosx;
			};
			name = Debug;
		};
		293EB8D5275769F7006A9815 /* Release */ = {
			isa = XCBuildConfiguration;
			buildSettings = {
				ALWAYS_SEARCH_USER_PATHS = NO;
				CLANG_ANALYZER_NONNULL = YES;
				CLANG_ANALYZER_NUMBER_OBJECT_CONVERSION = YES_AGGRESSIVE;
				CLANG_CXX_LANGUAGE_STANDARD = "gnu++14";
				CLANG_CXX_LIBRARY = "libc++";
				CLANG_ENABLE_MODULES = YES;
				CLANG_ENABLE_OBJC_ARC = YES;
				CLANG_ENABLE_OBJC_WEAK = YES;
				CLANG_WARN_BLOCK_CAPTURE_AUTORELEASING = YES;
				CLANG_WARN_BOOL_CONVERSION = YES;
				CLANG_WARN_COMMA = YES;
				CLANG_WARN_CONSTANT_CONVERSION = YES;
				CLANG_WARN_DEPRECATED_OBJC_IMPLEMENTATIONS = YES;
				CLANG_WARN_DIRECT_OBJC_ISA_USAGE = YES_ERROR;
				CLANG_WARN_DOCUMENTATION_COMMENTS = YES;
				CLANG_WARN_EMPTY_BODY = YES;
				CLANG_WARN_ENUM_CONVERSION = YES;
				CLANG_WARN_INFINITE_RECURSION = YES;
				CLANG_WARN_INT_CONVERSION = YES;
				CLANG_WARN_NON_LITERAL_NULL_CONVERSION = YES;
				CLANG_WARN_OBJC_IMPLICIT_RETAIN_SELF = YES;
				CLANG_WARN_OBJC_LITERAL_CONVERSION = YES;
				CLANG_WARN_OBJC_ROOT_CLASS = YES_ERROR;
				CLANG_WARN_QUOTED_INCLUDE_IN_FRAMEWORK_HEADER = YES;
				CLANG_WARN_RANGE_LOOP_ANALYSIS = YES;
				CLANG_WARN_STRICT_PROTOTYPES = YES;
				CLANG_WARN_SUSPICIOUS_MOVE = YES;
				CLANG_WARN_UNGUARDED_AVAILABILITY = YES_AGGRESSIVE;
				CLANG_WARN_UNREACHABLE_CODE = YES;
				CLANG_WARN__DUPLICATE_METHOD_MATCH = YES;
				COPY_PHASE_STRIP = NO;
				DEBUG_INFORMATION_FORMAT = "dwarf-with-dsym";
				ENABLE_NS_ASSERTIONS = NO;
				ENABLE_STRICT_OBJC_MSGSEND = YES;
				GCC_C_LANGUAGE_STANDARD = gnu11;
				GCC_NO_COMMON_BLOCKS = YES;
				GCC_WARN_64_TO_32_BIT_CONVERSION = YES;
				GCC_WARN_ABOUT_RETURN_TYPE = YES_ERROR;
				GCC_WARN_UNDECLARED_SELECTOR = YES;
				GCC_WARN_UNINITIALIZED_AUTOS = YES_AGGRESSIVE;
				GCC_WARN_UNUSED_FUNCTION = YES;
				GCC_WARN_UNUSED_VARIABLE = YES;
				MACOSX_DEPLOYMENT_TARGET = 11.1;
				MTL_ENABLE_DEBUG_INFO = NO;
				MTL_FAST_MATH = YES;
				SDKROOT = macosx;
			};
			name = Release;
		};
		293EB8D7275769F7006A9815 /* Debug */ = {
			isa = XCBuildConfiguration;
			buildSettings = {
				CODE_SIGN_STYLE = Automatic;
				DEVELOPMENT_TEAM = 4XU4KL2FFC;
				ENABLE_HARDENED_RUNTIME = YES;
				PRODUCT_NAME = "$(TARGET_NAME)";
			};
			name = Debug;
		};
		293EB8D8275769F7006A9815 /* Release */ = {
			isa = XCBuildConfiguration;
			buildSettings = {
				CODE_SIGN_STYLE = Automatic;
				DEVELOPMENT_TEAM = 4XU4KL2FFC;
				ENABLE_HARDENED_RUNTIME = YES;
				PRODUCT_NAME = "$(TARGET_NAME)";
			};
			name = Release;
		};
/* End XCBuildConfiguration section */

/* Begin XCConfigurationList section */
		293EB8CA275769F7006A9815 /* Build configuration list for PBXProject "advent-of-code-2021" */ = {
			isa = XCConfigurationList;
			buildConfigurations = (
				293EB8D4275769F7006A9815 /* Debug */,
				293EB8D5275769F7006A9815 /* Release */,
			);
			defaultConfigurationIsVisible = 0;
			defaultConfigurationName = Release;
		};
		293EB8D6275769F7006A9815 /* Build configuration list for PBXNativeTarget "Advent of code 2021" */ = {
			isa = XCConfigurationList;
			buildConfigurations = (
				293EB8D7275769F7006A9815 /* Debug */,
				293EB8D8275769F7006A9815 /* Release */,
			);
			defaultConfigurationIsVisible = 0;
			defaultConfigurationName = Release;
		};
/* End XCConfigurationList section */
	};
	rootObject = 293EB8C7275769F7006A9815 /* Project object */;
}
